// !$*UTF8*$!
{
	archiveVersion = 1;
	classes = {
	};
	objectVersion = 51;
	objects = {

/* Begin PBXBuildFile section */
		9EDEBFB57623E6CF6F723F1E /* Pods_DotaHeroApps.framework in Frameworks */ = {isa = PBXBuildFile; fileRef = E22C72A7BF7F1336F57F5C00 /* Pods_DotaHeroApps.framework */; };
		AF02F1A743867A92A94CA99E /* Pods_DotaHeroAppsTests.framework in Frameworks */ = {isa = PBXBuildFile; fileRef = 054BA2C773BC51A77F9C6D8D /* Pods_DotaHeroAppsTests.framework */; };
		E5506BA8252238EE00515D6D /* AppDelegate.swift in Sources */ = {isa = PBXBuildFile; fileRef = E5506BA7252238EE00515D6D /* AppDelegate.swift */; };
		E5506BAA252238EE00515D6D /* SceneDelegate.swift in Sources */ = {isa = PBXBuildFile; fileRef = E5506BA9252238EE00515D6D /* SceneDelegate.swift */; };
		E5506BB1252238EF00515D6D /* Assets.xcassets in Resources */ = {isa = PBXBuildFile; fileRef = E5506BB0252238EF00515D6D /* Assets.xcassets */; };
		E5506BB4252238EF00515D6D /* LaunchScreen.storyboard in Resources */ = {isa = PBXBuildFile; fileRef = E5506BB2252238EF00515D6D /* LaunchScreen.storyboard */; };
		E5506BBF252238F000515D6D /* DotaHeroAppsTests.swift in Sources */ = {isa = PBXBuildFile; fileRef = E5506BBE252238F000515D6D /* DotaHeroAppsTests.swift */; };
		E56B0DA025223EB50085A85E /* HeroListViewController.swift in Sources */ = {isa = PBXBuildFile; fileRef = E56B0D9E25223EB50085A85E /* HeroListViewController.swift */; };
		E56B0DA125223EB50085A85E /* HeroListViewController.xib in Resources */ = {isa = PBXBuildFile; fileRef = E56B0D9F25223EB50085A85E /* HeroListViewController.xib */; };
		E56B0DA6252241CE0085A85E /* HeroListViewModel.swift in Sources */ = {isa = PBXBuildFile; fileRef = E56B0DA5252241CE0085A85E /* HeroListViewModel.swift */; };
		E56B0DA8252243BA0085A85E /* HeroListMoyaTarget.swift in Sources */ = {isa = PBXBuildFile; fileRef = E56B0DA7252243BA0085A85E /* HeroListMoyaTarget.swift */; };
		E56B0DAA2522477C0085A85E /* HeroListUseCase.swift in Sources */ = {isa = PBXBuildFile; fileRef = E56B0DA92522477C0085A85E /* HeroListUseCase.swift */; };
		E56B0DAD2522498B0085A85E /* HeroListResponse.swift in Sources */ = {isa = PBXBuildFile; fileRef = E56B0DAC2522498B0085A85E /* HeroListResponse.swift */; };
		E56B0DB12522F6740085A85E /* HeroCharacterCell.swift in Sources */ = {isa = PBXBuildFile; fileRef = E56B0DAF2522F6740085A85E /* HeroCharacterCell.swift */; };
		E56B0DB22522F6740085A85E /* HeroCharacterCell.xib in Resources */ = {isa = PBXBuildFile; fileRef = E56B0DB02522F6740085A85E /* HeroCharacterCell.xib */; };
/* End PBXBuildFile section */

/* Begin PBXContainerItemProxy section */
		E5506BBB252238F000515D6D /* PBXContainerItemProxy */ = {
			isa = PBXContainerItemProxy;
			containerPortal = E5506B9C252238EE00515D6D /* Project object */;
			proxyType = 1;
			remoteGlobalIDString = E5506BA3252238EE00515D6D;
			remoteInfo = DotaHeroApps;
		};
/* End PBXContainerItemProxy section */

/* Begin PBXFileReference section */
		054BA2C773BC51A77F9C6D8D /* Pods_DotaHeroAppsTests.framework */ = {isa = PBXFileReference; explicitFileType = wrapper.framework; includeInIndex = 0; path = Pods_DotaHeroAppsTests.framework; sourceTree = BUILT_PRODUCTS_DIR; };
		36A006C6F10BFFACCCDFB5CD /* Pods-DotaHeroApps.debug.xcconfig */ = {isa = PBXFileReference; includeInIndex = 1; lastKnownFileType = text.xcconfig; name = "Pods-DotaHeroApps.debug.xcconfig"; path = "Target Support Files/Pods-DotaHeroApps/Pods-DotaHeroApps.debug.xcconfig"; sourceTree = "<group>"; };
		60BB8067A63BFA9A47B4218D /* Pods-DotaHeroApps.release.xcconfig */ = {isa = PBXFileReference; includeInIndex = 1; lastKnownFileType = text.xcconfig; name = "Pods-DotaHeroApps.release.xcconfig"; path = "Target Support Files/Pods-DotaHeroApps/Pods-DotaHeroApps.release.xcconfig"; sourceTree = "<group>"; };
		7D5F37DABDFD89CA983DAE0E /* Pods-DotaHeroAppsTests.release.xcconfig */ = {isa = PBXFileReference; includeInIndex = 1; lastKnownFileType = text.xcconfig; name = "Pods-DotaHeroAppsTests.release.xcconfig"; path = "Target Support Files/Pods-DotaHeroAppsTests/Pods-DotaHeroAppsTests.release.xcconfig"; sourceTree = "<group>"; };
		E22C72A7BF7F1336F57F5C00 /* Pods_DotaHeroApps.framework */ = {isa = PBXFileReference; explicitFileType = wrapper.framework; includeInIndex = 0; path = Pods_DotaHeroApps.framework; sourceTree = BUILT_PRODUCTS_DIR; };
		E5506BA4252238EE00515D6D /* DotaHeroApps.app */ = {isa = PBXFileReference; explicitFileType = wrapper.application; includeInIndex = 0; path = DotaHeroApps.app; sourceTree = BUILT_PRODUCTS_DIR; };
		E5506BA7252238EE00515D6D /* AppDelegate.swift */ = {isa = PBXFileReference; lastKnownFileType = sourcecode.swift; path = AppDelegate.swift; sourceTree = "<group>"; };
		E5506BA9252238EE00515D6D /* SceneDelegate.swift */ = {isa = PBXFileReference; lastKnownFileType = sourcecode.swift; path = SceneDelegate.swift; sourceTree = "<group>"; };
		E5506BB0252238EF00515D6D /* Assets.xcassets */ = {isa = PBXFileReference; lastKnownFileType = folder.assetcatalog; path = Assets.xcassets; sourceTree = "<group>"; };
		E5506BB3252238EF00515D6D /* Base */ = {isa = PBXFileReference; lastKnownFileType = file.storyboard; name = Base; path = Base.lproj/LaunchScreen.storyboard; sourceTree = "<group>"; };
		E5506BB5252238EF00515D6D /* Info.plist */ = {isa = PBXFileReference; lastKnownFileType = text.plist.xml; path = Info.plist; sourceTree = "<group>"; };
		E5506BBA252238F000515D6D /* DotaHeroAppsTests.xctest */ = {isa = PBXFileReference; explicitFileType = wrapper.cfbundle; includeInIndex = 0; path = DotaHeroAppsTests.xctest; sourceTree = BUILT_PRODUCTS_DIR; };
		E5506BBE252238F000515D6D /* DotaHeroAppsTests.swift */ = {isa = PBXFileReference; lastKnownFileType = sourcecode.swift; path = DotaHeroAppsTests.swift; sourceTree = "<group>"; };
		E5506BC0252238F000515D6D /* Info.plist */ = {isa = PBXFileReference; lastKnownFileType = text.plist.xml; path = Info.plist; sourceTree = "<group>"; };
		E56B0D9E25223EB50085A85E /* HeroListViewController.swift */ = {isa = PBXFileReference; lastKnownFileType = sourcecode.swift; path = HeroListViewController.swift; sourceTree = "<group>"; };
		E56B0D9F25223EB50085A85E /* HeroListViewController.xib */ = {isa = PBXFileReference; lastKnownFileType = file.xib; path = HeroListViewController.xib; sourceTree = "<group>"; };
		E56B0DA5252241CE0085A85E /* HeroListViewModel.swift */ = {isa = PBXFileReference; lastKnownFileType = sourcecode.swift; path = HeroListViewModel.swift; sourceTree = "<group>"; };
		E56B0DA7252243BA0085A85E /* HeroListMoyaTarget.swift */ = {isa = PBXFileReference; lastKnownFileType = sourcecode.swift; path = HeroListMoyaTarget.swift; sourceTree = "<group>"; };
		E56B0DA92522477C0085A85E /* HeroListUseCase.swift */ = {isa = PBXFileReference; lastKnownFileType = sourcecode.swift; path = HeroListUseCase.swift; sourceTree = "<group>"; };
		E56B0DAC2522498B0085A85E /* HeroListResponse.swift */ = {isa = PBXFileReference; lastKnownFileType = sourcecode.swift; path = HeroListResponse.swift; sourceTree = "<group>"; };
		E56B0DAF2522F6740085A85E /* HeroCharacterCell.swift */ = {isa = PBXFileReference; lastKnownFileType = sourcecode.swift; path = HeroCharacterCell.swift; sourceTree = "<group>"; };
		E56B0DB02522F6740085A85E /* HeroCharacterCell.xib */ = {isa = PBXFileReference; lastKnownFileType = file.xib; path = HeroCharacterCell.xib; sourceTree = "<group>"; };
		FB271FE825D71B515515C2C4 /* Pods-DotaHeroAppsTests.debug.xcconfig */ = {isa = PBXFileReference; includeInIndex = 1; lastKnownFileType = text.xcconfig; name = "Pods-DotaHeroAppsTests.debug.xcconfig"; path = "Target Support Files/Pods-DotaHeroAppsTests/Pods-DotaHeroAppsTests.debug.xcconfig"; sourceTree = "<group>"; };
/* End PBXFileReference section */

/* Begin PBXFrameworksBuildPhase section */
		E5506BA1252238EE00515D6D /* Frameworks */ = {
			isa = PBXFrameworksBuildPhase;
			buildActionMask = 2147483647;
			files = (
				9EDEBFB57623E6CF6F723F1E /* Pods_DotaHeroApps.framework in Frameworks */,
			);
			runOnlyForDeploymentPostprocessing = 0;
		};
		E5506BB7252238F000515D6D /* Frameworks */ = {
			isa = PBXFrameworksBuildPhase;
			buildActionMask = 2147483647;
			files = (
				AF02F1A743867A92A94CA99E /* Pods_DotaHeroAppsTests.framework in Frameworks */,
			);
			runOnlyForDeploymentPostprocessing = 0;
		};
/* End PBXFrameworksBuildPhase section */

/* Begin PBXGroup section */
		33E946A40596ED0305BA545B /* Frameworks */ = {
			isa = PBXGroup;
			children = (
				E22C72A7BF7F1336F57F5C00 /* Pods_DotaHeroApps.framework */,
				054BA2C773BC51A77F9C6D8D /* Pods_DotaHeroAppsTests.framework */,
			);
			name = Frameworks;
			sourceTree = "<group>";
		};
		D2EFAA22B65A110F2BF977B4 /* Pods */ = {
			isa = PBXGroup;
			children = (
				36A006C6F10BFFACCCDFB5CD /* Pods-DotaHeroApps.debug.xcconfig */,
				60BB8067A63BFA9A47B4218D /* Pods-DotaHeroApps.release.xcconfig */,
				FB271FE825D71B515515C2C4 /* Pods-DotaHeroAppsTests.debug.xcconfig */,
				7D5F37DABDFD89CA983DAE0E /* Pods-DotaHeroAppsTests.release.xcconfig */,
			);
			path = Pods;
			sourceTree = "<group>";
		};
		E5506B9B252238EE00515D6D = {
			isa = PBXGroup;
			children = (
				E5506BA6252238EE00515D6D /* DotaHeroApps */,
				E5506BBD252238F000515D6D /* DotaHeroAppsTests */,
				E5506BA5252238EE00515D6D /* Products */,
				D2EFAA22B65A110F2BF977B4 /* Pods */,
				33E946A40596ED0305BA545B /* Frameworks */,
			);
			sourceTree = "<group>";
		};
		E5506BA5252238EE00515D6D /* Products */ = {
			isa = PBXGroup;
			children = (
				E5506BA4252238EE00515D6D /* DotaHeroApps.app */,
				E5506BBA252238F000515D6D /* DotaHeroAppsTests.xctest */,
			);
			name = Products;
			sourceTree = "<group>";
		};
		E5506BA6252238EE00515D6D /* DotaHeroApps */ = {
			isa = PBXGroup;
			children = (
				E56B0D9C25223E1F0085A85E /* HeroLists */,
				E5506BA7252238EE00515D6D /* AppDelegate.swift */,
				E5506BA9252238EE00515D6D /* SceneDelegate.swift */,
				E5506BB0252238EF00515D6D /* Assets.xcassets */,
				E5506BB2252238EF00515D6D /* LaunchScreen.storyboard */,
				E5506BB5252238EF00515D6D /* Info.plist */,
			);
			path = DotaHeroApps;
			sourceTree = "<group>";
		};
		E5506BBD252238F000515D6D /* DotaHeroAppsTests */ = {
			isa = PBXGroup;
			children = (
				E5506BBE252238F000515D6D /* DotaHeroAppsTests.swift */,
				E5506BC0252238F000515D6D /* Info.plist */,
			);
			path = DotaHeroAppsTests;
			sourceTree = "<group>";
		};
		E56B0D9C25223E1F0085A85E /* HeroLists */ = {
			isa = PBXGroup;
			children = (
				E56B0DAB252248FE0085A85E /* Model */,
				E56B0DA2252241380085A85E /* Network */,
				E56B0D9D25223E430085A85E /* Screen */,
			);
			path = HeroLists;
			sourceTree = "<group>";
		};
		E56B0D9D25223E430085A85E /* Screen */ = {
			isa = PBXGroup;
			children = (
				E56B0DAE2522F4720085A85E /* Cells */,
				E56B0D9E25223EB50085A85E /* HeroListViewController.swift */,
				E56B0D9F25223EB50085A85E /* HeroListViewController.xib */,
				E56B0DA5252241CE0085A85E /* HeroListViewModel.swift */,
			);
			path = Screen;
			sourceTree = "<group>";
		};
		E56B0DA2252241380085A85E /* Network */ = {
			isa = PBXGroup;
			children = (
				E56B0DA7252243BA0085A85E /* HeroListMoyaTarget.swift */,
				E56B0DA92522477C0085A85E /* HeroListUseCase.swift */,
			);
			path = Network;
			sourceTree = "<group>";
		};
		E56B0DAB252248FE0085A85E /* Model */ = {
			isa = PBXGroup;
			children = (
				E56B0DAC2522498B0085A85E /* HeroListResponse.swift */,
			);
			path = Model;
			sourceTree = "<group>";
		};
		E56B0DAE2522F4720085A85E /* Cells */ = {
			isa = PBXGroup;
			children = (
				E56B0DAF2522F6740085A85E /* HeroCharacterCell.swift */,
				E56B0DB02522F6740085A85E /* HeroCharacterCell.xib */,
			);
			path = Cells;
			sourceTree = "<group>";
		};
/* End PBXGroup section */

/* Begin PBXNativeTarget section */
		E5506BA3252238EE00515D6D /* DotaHeroApps */ = {
			isa = PBXNativeTarget;
			buildConfigurationList = E5506BC3252238F000515D6D /* Build configuration list for PBXNativeTarget "DotaHeroApps" */;
			buildPhases = (
				80BE6B85568072B0F4E14257 /* [CP] Check Pods Manifest.lock */,
				E5506BA0252238EE00515D6D /* Sources */,
				E5506BA1252238EE00515D6D /* Frameworks */,
				E5506BA2252238EE00515D6D /* Resources */,
				E54269412D1F115C87E9AAD6 /* [CP] Embed Pods Frameworks */,
			);
			buildRules = (
			);
			dependencies = (
			);
			name = DotaHeroApps;
			productName = DotaHeroApps;
			productReference = E5506BA4252238EE00515D6D /* DotaHeroApps.app */;
			productType = "com.apple.product-type.application";
		};
		E5506BB9252238F000515D6D /* DotaHeroAppsTests */ = {
			isa = PBXNativeTarget;
			buildConfigurationList = E5506BC6252238F000515D6D /* Build configuration list for PBXNativeTarget "DotaHeroAppsTests" */;
			buildPhases = (
				E12E36568E4D711A3F447447 /* [CP] Check Pods Manifest.lock */,
				E5506BB6252238F000515D6D /* Sources */,
				E5506BB7252238F000515D6D /* Frameworks */,
				E5506BB8252238F000515D6D /* Resources */,
			);
			buildRules = (
			);
			dependencies = (
				E5506BBC252238F000515D6D /* PBXTargetDependency */,
			);
			name = DotaHeroAppsTests;
			productName = DotaHeroAppsTests;
			productReference = E5506BBA252238F000515D6D /* DotaHeroAppsTests.xctest */;
			productType = "com.apple.product-type.bundle.unit-test";
		};
/* End PBXNativeTarget section */

/* Begin PBXProject section */
		E5506B9C252238EE00515D6D /* Project object */ = {
			isa = PBXProject;
			attributes = {
				LastSwiftUpdateCheck = 1150;
				LastUpgradeCheck = 1150;
				ORGANIZATIONNAME = "Fathureza Januarza";
				TargetAttributes = {
					E5506BA3252238EE00515D6D = {
						CreatedOnToolsVersion = 11.5;
					};
					E5506BB9252238F000515D6D = {
						CreatedOnToolsVersion = 11.5;
						TestTargetID = E5506BA3252238EE00515D6D;
					};
				};
			};
			buildConfigurationList = E5506B9F252238EE00515D6D /* Build configuration list for PBXProject "DotaHeroApps" */;
			compatibilityVersion = "Xcode 9.3";
			developmentRegion = en;
			hasScannedForEncodings = 0;
			knownRegions = (
				en,
				Base,
			);
			mainGroup = E5506B9B252238EE00515D6D;
			productRefGroup = E5506BA5252238EE00515D6D /* Products */;
			projectDirPath = "";
			projectRoot = "";
			targets = (
				E5506BA3252238EE00515D6D /* DotaHeroApps */,
				E5506BB9252238F000515D6D /* DotaHeroAppsTests */,
			);
		};
/* End PBXProject section */

/* Begin PBXResourcesBuildPhase section */
		E5506BA2252238EE00515D6D /* Resources */ = {
			isa = PBXResourcesBuildPhase;
			buildActionMask = 2147483647;
			files = (
				E56B0DA125223EB50085A85E /* HeroListViewController.xib in Resources */,
				E56B0DB22522F6740085A85E /* HeroCharacterCell.xib in Resources */,
				E5506BB4252238EF00515D6D /* LaunchScreen.storyboard in Resources */,
				E5506BB1252238EF00515D6D /* Assets.xcassets in Resources */,
			);
			runOnlyForDeploymentPostprocessing = 0;
		};
		E5506BB8252238F000515D6D /* Resources */ = {
			isa = PBXResourcesBuildPhase;
			buildActionMask = 2147483647;
			files = (
			);
			runOnlyForDeploymentPostprocessing = 0;
		};
/* End PBXResourcesBuildPhase section */

/* Begin PBXShellScriptBuildPhase section */
		80BE6B85568072B0F4E14257 /* [CP] Check Pods Manifest.lock */ = {
			isa = PBXShellScriptBuildPhase;
			buildActionMask = 2147483647;
			files = (
			);
			inputFileListPaths = (
			);
			inputPaths = (
				"${PODS_PODFILE_DIR_PATH}/Podfile.lock",
				"${PODS_ROOT}/Manifest.lock",
			);
			name = "[CP] Check Pods Manifest.lock";
			outputFileListPaths = (
			);
			outputPaths = (
				"$(DERIVED_FILE_DIR)/Pods-DotaHeroApps-checkManifestLockResult.txt",
			);
			runOnlyForDeploymentPostprocessing = 0;
			shellPath = /bin/sh;
			shellScript = "diff \"${PODS_PODFILE_DIR_PATH}/Podfile.lock\" \"${PODS_ROOT}/Manifest.lock\" > /dev/null\nif [ $? != 0 ] ; then\n    # print error to STDERR\n    echo \"error: The sandbox is not in sync with the Podfile.lock. Run 'pod install' or update your CocoaPods installation.\" >&2\n    exit 1\nfi\n# This output is used by Xcode 'outputs' to avoid re-running this script phase.\necho \"SUCCESS\" > \"${SCRIPT_OUTPUT_FILE_0}\"\n";
			showEnvVarsInLog = 0;
		};
		E12E36568E4D711A3F447447 /* [CP] Check Pods Manifest.lock */ = {
			isa = PBXShellScriptBuildPhase;
			buildActionMask = 2147483647;
			files = (
			);
			inputFileListPaths = (
			);
			inputPaths = (
				"${PODS_PODFILE_DIR_PATH}/Podfile.lock",
				"${PODS_ROOT}/Manifest.lock",
			);
			name = "[CP] Check Pods Manifest.lock";
			outputFileListPaths = (
			);
			outputPaths = (
				"$(DERIVED_FILE_DIR)/Pods-DotaHeroAppsTests-checkManifestLockResult.txt",
			);
			runOnlyForDeploymentPostprocessing = 0;
			shellPath = /bin/sh;
			shellScript = "diff \"${PODS_PODFILE_DIR_PATH}/Podfile.lock\" \"${PODS_ROOT}/Manifest.lock\" > /dev/null\nif [ $? != 0 ] ; then\n    # print error to STDERR\n    echo \"error: The sandbox is not in sync with the Podfile.lock. Run 'pod install' or update your CocoaPods installation.\" >&2\n    exit 1\nfi\n# This output is used by Xcode 'outputs' to avoid re-running this script phase.\necho \"SUCCESS\" > \"${SCRIPT_OUTPUT_FILE_0}\"\n";
			showEnvVarsInLog = 0;
		};
		E54269412D1F115C87E9AAD6 /* [CP] Embed Pods Frameworks */ = {
			isa = PBXShellScriptBuildPhase;
			buildActionMask = 2147483647;
			files = (
			);
			inputFileListPaths = (
				"${PODS_ROOT}/Target Support Files/Pods-DotaHeroApps/Pods-DotaHeroApps-frameworks-${CONFIGURATION}-input-files.xcfilelist",
			);
			name = "[CP] Embed Pods Frameworks";
			outputFileListPaths = (
				"${PODS_ROOT}/Target Support Files/Pods-DotaHeroApps/Pods-DotaHeroApps-frameworks-${CONFIGURATION}-output-files.xcfilelist",
			);
			runOnlyForDeploymentPostprocessing = 0;
			shellPath = /bin/sh;
			shellScript = "\"${PODS_ROOT}/Target Support Files/Pods-DotaHeroApps/Pods-DotaHeroApps-frameworks.sh\"\n";
			showEnvVarsInLog = 0;
		};
/* End PBXShellScriptBuildPhase section */

/* Begin PBXSourcesBuildPhase section */
		E5506BA0252238EE00515D6D /* Sources */ = {
			isa = PBXSourcesBuildPhase;
			buildActionMask = 2147483647;
			files = (
				E56B0DAA2522477C0085A85E /* HeroListUseCase.swift in Sources */,
				E56B0DA025223EB50085A85E /* HeroListViewController.swift in Sources */,
				E56B0DAD2522498B0085A85E /* HeroListResponse.swift in Sources */,
				E5506BA8252238EE00515D6D /* AppDelegate.swift in Sources */,
				E56B0DA8252243BA0085A85E /* HeroListMoyaTarget.swift in Sources */,
				E56B0DB12522F6740085A85E /* HeroCharacterCell.swift in Sources */,
				E5506BAA252238EE00515D6D /* SceneDelegate.swift in Sources */,
				E56B0DA6252241CE0085A85E /* HeroListViewModel.swift in Sources */,
			);
			runOnlyForDeploymentPostprocessing = 0;
		};
		E5506BB6252238F000515D6D /* Sources */ = {
			isa = PBXSourcesBuildPhase;
			buildActionMask = 2147483647;
			files = (
				E5506BBF252238F000515D6D /* DotaHeroAppsTests.swift in Sources */,
			);
			runOnlyForDeploymentPostprocessing = 0;
		};
/* End PBXSourcesBuildPhase section */

/* Begin PBXTargetDependency section */
		E5506BBC252238F000515D6D /* PBXTargetDependency */ = {
			isa = PBXTargetDependency;
			target = E5506BA3252238EE00515D6D /* DotaHeroApps */;
			targetProxy = E5506BBB252238F000515D6D /* PBXContainerItemProxy */;
		};
/* End PBXTargetDependency section */

/* Begin PBXVariantGroup section */
		E5506BB2252238EF00515D6D /* LaunchScreen.storyboard */ = {
			isa = PBXVariantGroup;
			children = (
				E5506BB3252238EF00515D6D /* Base */,
			);
			name = LaunchScreen.storyboard;
			sourceTree = "<group>";
		};
/* End PBXVariantGroup section */

/* Begin XCBuildConfiguration section */
		E5506BC1252238F000515D6D /* Debug */ = {
			isa = XCBuildConfiguration;
			buildSettings = {
				ALWAYS_SEARCH_USER_PATHS = NO;
				CLANG_ANALYZER_NONNULL = YES;
				CLANG_ANALYZER_NUMBER_OBJECT_CONVERSION = YES_AGGRESSIVE;
				CLANG_CXX_LANGUAGE_STANDARD = "gnu++14";
				CLANG_CXX_LIBRARY = "libc++";
				CLANG_ENABLE_MODULES = YES;
				CLANG_ENABLE_OBJC_ARC = YES;
				CLANG_ENABLE_OBJC_WEAK = YES;
				CLANG_WARN_BLOCK_CAPTURE_AUTORELEASING = YES;
				CLANG_WARN_BOOL_CONVERSION = YES;
				CLANG_WARN_COMMA = YES;
				CLANG_WARN_CONSTANT_CONVERSION = YES;
				CLANG_WARN_DEPRECATED_OBJC_IMPLEMENTATIONS = YES;
				CLANG_WARN_DIRECT_OBJC_ISA_USAGE = YES_ERROR;
				CLANG_WARN_DOCUMENTATION_COMMENTS = YES;
				CLANG_WARN_EMPTY_BODY = YES;
				CLANG_WARN_ENUM_CONVERSION = YES;
				CLANG_WARN_INFINITE_RECURSION = YES;
				CLANG_WARN_INT_CONVERSION = YES;
				CLANG_WARN_NON_LITERAL_NULL_CONVERSION = YES;
				CLANG_WARN_OBJC_IMPLICIT_RETAIN_SELF = YES;
				CLANG_WARN_OBJC_LITERAL_CONVERSION = YES;
				CLANG_WARN_OBJC_ROOT_CLASS = YES_ERROR;
				CLANG_WARN_RANGE_LOOP_ANALYSIS = YES;
				CLANG_WARN_STRICT_PROTOTYPES = YES;
				CLANG_WARN_SUSPICIOUS_MOVE = YES;
				CLANG_WARN_UNGUARDED_AVAILABILITY = YES_AGGRESSIVE;
				CLANG_WARN_UNREACHABLE_CODE = YES;
				CLANG_WARN__DUPLICATE_METHOD_MATCH = YES;
				COPY_PHASE_STRIP = NO;
				DEBUG_INFORMATION_FORMAT = dwarf;
				ENABLE_STRICT_OBJC_MSGSEND = YES;
				ENABLE_TESTABILITY = YES;
				GCC_C_LANGUAGE_STANDARD = gnu11;
				GCC_DYNAMIC_NO_PIC = NO;
				GCC_NO_COMMON_BLOCKS = YES;
				GCC_OPTIMIZATION_LEVEL = 0;
				GCC_PREPROCESSOR_DEFINITIONS = (
					"DEBUG=1",
					"$(inherited)",
				);
				GCC_WARN_64_TO_32_BIT_CONVERSION = YES;
				GCC_WARN_ABOUT_RETURN_TYPE = YES_ERROR;
				GCC_WARN_UNDECLARED_SELECTOR = YES;
				GCC_WARN_UNINITIALIZED_AUTOS = YES_AGGRESSIVE;
				GCC_WARN_UNUSED_FUNCTION = YES;
				GCC_WARN_UNUSED_VARIABLE = YES;
				IPHONEOS_DEPLOYMENT_TARGET = 13.5;
				MTL_ENABLE_DEBUG_INFO = INCLUDE_SOURCE;
				MTL_FAST_MATH = YES;
				ONLY_ACTIVE_ARCH = YES;
				SDKROOT = iphoneos;
				SWIFT_ACTIVE_COMPILATION_CONDITIONS = DEBUG;
				SWIFT_OPTIMIZATION_LEVEL = "-Onone";
			};
			name = Debug;
		};
		E5506BC2252238F000515D6D /* Release */ = {
			isa = XCBuildConfiguration;
			buildSettings = {
				ALWAYS_SEARCH_USER_PATHS = NO;
				CLANG_ANALYZER_NONNULL = YES;
				CLANG_ANALYZER_NUMBER_OBJECT_CONVERSION = YES_AGGRESSIVE;
				CLANG_CXX_LANGUAGE_STANDARD = "gnu++14";
				CLANG_CXX_LIBRARY = "libc++";
				CLANG_ENABLE_MODULES = YES;
				CLANG_ENABLE_OBJC_ARC = YES;
				CLANG_ENABLE_OBJC_WEAK = YES;
				CLANG_WARN_BLOCK_CAPTURE_AUTORELEASING = YES;
				CLANG_WARN_BOOL_CONVERSION = YES;
				CLANG_WARN_COMMA = YES;
				CLANG_WARN_CONSTANT_CONVERSION = YES;
				CLANG_WARN_DEPRECATED_OBJC_IMPLEMENTATIONS = YES;
				CLANG_WARN_DIRECT_OBJC_ISA_USAGE = YES_ERROR;
				CLANG_WARN_DOCUMENTATION_COMMENTS = YES;
				CLANG_WARN_EMPTY_BODY = YES;
				CLANG_WARN_ENUM_CONVERSION = YES;
				CLANG_WARN_INFINITE_RECURSION = YES;
				CLANG_WARN_INT_CONVERSION = YES;
				CLANG_WARN_NON_LITERAL_NULL_CONVERSION = YES;
				CLANG_WARN_OBJC_IMPLICIT_RETAIN_SELF = YES;
				CLANG_WARN_OBJC_LITERAL_CONVERSION = YES;
				CLANG_WARN_OBJC_ROOT_CLASS = YES_ERROR;
				CLANG_WARN_RANGE_LOOP_ANALYSIS = YES;
				CLANG_WARN_STRICT_PROTOTYPES = YES;
				CLANG_WARN_SUSPICIOUS_MOVE = YES;
				CLANG_WARN_UNGUARDED_AVAILABILITY = YES_AGGRESSIVE;
				CLANG_WARN_UNREACHABLE_CODE = YES;
				CLANG_WARN__DUPLICATE_METHOD_MATCH = YES;
				COPY_PHASE_STRIP = NO;
				DEBUG_INFORMATION_FORMAT = "dwarf-with-dsym";
				ENABLE_NS_ASSERTIONS = NO;
				ENABLE_STRICT_OBJC_MSGSEND = YES;
				GCC_C_LANGUAGE_STANDARD = gnu11;
				GCC_NO_COMMON_BLOCKS = YES;
				GCC_WARN_64_TO_32_BIT_CONVERSION = YES;
				GCC_WARN_ABOUT_RETURN_TYPE = YES_ERROR;
				GCC_WARN_UNDECLARED_SELECTOR = YES;
				GCC_WARN_UNINITIALIZED_AUTOS = YES_AGGRESSIVE;
				GCC_WARN_UNUSED_FUNCTION = YES;
				GCC_WARN_UNUSED_VARIABLE = YES;
				IPHONEOS_DEPLOYMENT_TARGET = 13.5;
				MTL_ENABLE_DEBUG_INFO = NO;
				MTL_FAST_MATH = YES;
				SDKROOT = iphoneos;
				SWIFT_COMPILATION_MODE = wholemodule;
				SWIFT_OPTIMIZATION_LEVEL = "-O";
				VALIDATE_PRODUCT = YES;
			};
			name = Release;
		};
		E5506BC4252238F000515D6D /* Debug */ = {
			isa = XCBuildConfiguration;
			baseConfigurationReference = 36A006C6F10BFFACCCDFB5CD /* Pods-DotaHeroApps.debug.xcconfig */;
			buildSettings = {
				ASSETCATALOG_COMPILER_APPICON_NAME = AppIcon;
				CODE_SIGN_STYLE = Automatic;
				INFOPLIST_FILE = DotaHeroApps/Info.plist;
				LD_RUNPATH_SEARCH_PATHS = (
					"$(inherited)",
					"@executable_path/Frameworks",
				);
				PRODUCT_BUNDLE_IDENTIFIER = com.fathureza.DotaHeroApps;
				PRODUCT_NAME = "$(TARGET_NAME)";
				SWIFT_VERSION = 5.0;
				TARGETED_DEVICE_FAMILY = 1;
			};
			name = Debug;
		};
		E5506BC5252238F000515D6D /* Release */ = {
			isa = XCBuildConfiguration;
			baseConfigurationReference = 60BB8067A63BFA9A47B4218D /* Pods-DotaHeroApps.release.xcconfig */;
			buildSettings = {
				ASSETCATALOG_COMPILER_APPICON_NAME = AppIcon;
				CODE_SIGN_STYLE = Automatic;
				INFOPLIST_FILE = DotaHeroApps/Info.plist;
				LD_RUNPATH_SEARCH_PATHS = (
					"$(inherited)",
					"@executable_path/Frameworks",
				);
				PRODUCT_BUNDLE_IDENTIFIER = com.fathureza.DotaHeroApps;
				PRODUCT_NAME = "$(TARGET_NAME)";
				SWIFT_VERSION = 5.0;
				TARGETED_DEVICE_FAMILY = 1;
			};
			name = Release;
		};
		E5506BC7252238F000515D6D /* Debug */ = {
			isa = XCBuildConfiguration;
			baseConfigurationReference = FB271FE825D71B515515C2C4 /* Pods-DotaHeroAppsTests.debug.xcconfig */;
			buildSettings = {
				ALWAYS_EMBED_SWIFT_STANDARD_LIBRARIES = YES;
				BUNDLE_LOADER = "$(TEST_HOST)";
				CODE_SIGN_STYLE = Automatic;
				INFOPLIST_FILE = DotaHeroAppsTests/Info.plist;
				IPHONEOS_DEPLOYMENT_TARGET = 13.5;
				LD_RUNPATH_SEARCH_PATHS = (
					"$(inherited)",
					"@executable_path/Frameworks",
					"@loader_path/Frameworks",
				);
				PRODUCT_BUNDLE_IDENTIFIER = com.fathureza.DotaHeroAppsTests;
				PRODUCT_NAME = "$(TARGET_NAME)";
				SWIFT_VERSION = 5.0;
				TARGETED_DEVICE_FAMILY = "1,2";
				TEST_HOST = "$(BUILT_PRODUCTS_DIR)/DotaHeroApps.app/DotaHeroApps";
			};
			name = Debug;
		};
		E5506BC8252238F000515D6D /* Release */ = {
			isa = XCBuildConfiguration;
			baseConfigurationReference = 7D5F37DABDFD89CA983DAE0E /* Pods-DotaHeroAppsTests.release.xcconfig */;
			buildSettings = {
				ALWAYS_EMBED_SWIFT_STANDARD_LIBRARIES = YES;
				BUNDLE_LOADER = "$(TEST_HOST)";
				CODE_SIGN_STYLE = Automatic;
				INFOPLIST_FILE = DotaHeroAppsTests/Info.plist;
				IPHONEOS_DEPLOYMENT_TARGET = 13.5;
				LD_RUNPATH_SEARCH_PATHS = (
					"$(inherited)",
					"@executable_path/Frameworks",
					"@loader_path/Frameworks",
				);
				PRODUCT_BUNDLE_IDENTIFIER = com.fathureza.DotaHeroAppsTests;
				PRODUCT_NAME = "$(TARGET_NAME)";
				SWIFT_VERSION = 5.0;
				TARGETED_DEVICE_FAMILY = "1,2";
				TEST_HOST = "$(BUILT_PRODUCTS_DIR)/DotaHeroApps.app/DotaHeroApps";
			};
			name = Release;
		};
/* End XCBuildConfiguration section */

/* Begin XCConfigurationList section */
		E5506B9F252238EE00515D6D /* Build configuration list for PBXProject "DotaHeroApps" */ = {
			isa = XCConfigurationList;
			buildConfigurations = (
				E5506BC1252238F000515D6D /* Debug */,
				E5506BC2252238F000515D6D /* Release */,
			);
			defaultConfigurationIsVisible = 0;
			defaultConfigurationName = Release;
		};
		E5506BC3252238F000515D6D /* Build configuration list for PBXNativeTarget "DotaHeroApps" */ = {
			isa = XCConfigurationList;
			buildConfigurations = (
				E5506BC4252238F000515D6D /* Debug */,
				E5506BC5252238F000515D6D /* Release */,
			);
			defaultConfigurationIsVisible = 0;
			defaultConfigurationName = Release;
		};
		E5506BC6252238F000515D6D /* Build configuration list for PBXNativeTarget "DotaHeroAppsTests" */ = {
			isa = XCConfigurationList;
			buildConfigurations = (
				E5506BC7252238F000515D6D /* Debug */,
				E5506BC8252238F000515D6D /* Release */,
			);
			defaultConfigurationIsVisible = 0;
			defaultConfigurationName = Release;
		};
/* End XCConfigurationList section */
	};
	rootObject = E5506B9C252238EE00515D6D /* Project object */;
}
